
Microsoft Visual Studio Solution File, Format Version 12.00
# Visual Studio 15
VisualStudioVersion = 15.0.27004.2002
MinimumVisualStudioVersion = 10.0.40219.1
Project("{FAE04EC0-301F-11D3-BF4B-00C04F79EFBC}") = "Watchlist.Android", "Watchlist\Watchlist.Android\Watchlist.Android.csproj", "{86B673A9-A536-495A-8185-4212C3D67952}"
EndProject
Project("{FAE04EC0-301F-11D3-BF4B-00C04F79EFBC}") = "Watchlist", "Watchlist\Watchlist\Watchlist.csproj", "{8F3BC278-AD66-4727-BACD-8CB600B1A0A7}"
EndProject
Project("{FAE04EC0-301F-11D3-BF4B-00C04F79EFBC}") = "Watchlist.UWP", "Watchlist\Watchlist.UWP\Watchlist.UWP.csproj", "{2C0244B2-FE12-4817-AD18-5D84BEEAA929}"
EndProject
Project("{FAE04EC0-301F-11D3-BF4B-00C04F79EFBC}") = "Watchlist.iOS", "Watchlist\Watchlist.iOS\Watchlist.iOS.csproj", "{6617E2F4-F9F0-469F-A6BB-0F1A359BBFC2}"
EndProject
Global
	GlobalSection(SolutionConfigurationPlatforms) = preSolution
		Ad-Hoc|Any CPU = Ad-Hoc|Any CPU
		Ad-Hoc|ARM = Ad-Hoc|ARM
		Ad-Hoc|iPhone = Ad-Hoc|iPhone
		Ad-Hoc|iPhoneSimulator = Ad-Hoc|iPhoneSimulator
		Ad-Hoc|x64 = Ad-Hoc|x64
		Ad-Hoc|x86 = Ad-Hoc|x86
		AppStore|Any CPU = AppStore|Any CPU
		AppStore|ARM = AppStore|ARM
		AppStore|iPhone = AppStore|iPhone
		AppStore|iPhoneSimulator = AppStore|iPhoneSimulator
		AppStore|x64 = AppStore|x64
		AppStore|x86 = AppStore|x86
		Debug|Any CPU = Debug|Any CPU
		Debug|ARM = Debug|ARM
		Debug|iPhone = Debug|iPhone
		Debug|iPhoneSimulator = Debug|iPhoneSimulator
		Debug|x64 = Debug|x64
		Debug|x86 = Debug|x86
		Release|Any CPU = Release|Any CPU
		Release|ARM = Release|ARM
		Release|iPhone = Release|iPhone
		Release|iPhoneSimulator = Release|iPhoneSimulator
		Release|x64 = Release|x64
		Release|x86 = Release|x86
	EndGlobalSection
	GlobalSection(ProjectConfigurationPlatforms) = postSolution
		{86B673A9-A536-495A-8185-4212C3D67952}.Ad-Hoc|Any CPU.ActiveCfg = Release|Any CPU
		{86B673A9-A536-495A-8185-4212C3D67952}.Ad-Hoc|Any CPU.Build.0 = Release|Any CPU
		{86B673A9-A536-495A-8185-4212C3D67952}.Ad-Hoc|Any CPU.Deploy.0 = Release|Any CPU
		{86B673A9-A536-495A-8185-4212C3D67952}.Ad-Hoc|ARM.ActiveCfg = Release|Any CPU
		{86B673A9-A536-495A-8185-4212C3D67952}.Ad-Hoc|ARM.Build.0 = Release|Any CPU
		{86B673A9-A536-495A-8185-4212C3D67952}.Ad-Hoc|ARM.Deploy.0 = Release|Any CPU
		{86B673A9-A536-495A-8185-4212C3D67952}.Ad-Hoc|iPhone.ActiveCfg = Release|Any CPU
		{86B673A9-A536-495A-8185-4212C3D67952}.Ad-Hoc|iPhone.Build.0 = Release|Any CPU
		{86B673A9-A536-495A-8185-4212C3D67952}.Ad-Hoc|iPhone.Deploy.0 = Release|Any CPU
		{86B673A9-A536-495A-8185-4212C3D67952}.Ad-Hoc|iPhoneSimulator.ActiveCfg = Release|Any CPU
		{86B673A9-A536-495A-8185-4212C3D67952}.Ad-Hoc|iPhoneSimulator.Build.0 = Release|Any CPU
		{86B673A9-A536-495A-8185-4212C3D67952}.Ad-Hoc|iPhoneSimulator.Deploy.0 = Release|Any CPU
		{86B673A9-A536-495A-8185-4212C3D67952}.Ad-Hoc|x64.ActiveCfg = Release|Any CPU
		{86B673A9-A536-495A-8185-4212C3D67952}.Ad-Hoc|x64.Build.0 = Release|Any CPU
		{86B673A9-A536-495A-8185-4212C3D67952}.Ad-Hoc|x64.Deploy.0 = Release|Any CPU
		{86B673A9-A536-495A-8185-4212C3D67952}.Ad-Hoc|x86.ActiveCfg = Release|Any CPU
		{86B673A9-A536-495A-8185-4212C3D67952}.Ad-Hoc|x86.Build.0 = Release|Any CPU
		{86B673A9-A536-495A-8185-4212C3D67952}.Ad-Hoc|x86.Deploy.0 = Release|Any CPU
		{86B673A9-A536-495A-8185-4212C3D67952}.AppStore|Any CPU.ActiveCfg = Release|Any CPU
		{86B673A9-A536-495A-8185-4212C3D67952}.AppStore|Any CPU.Build.0 = Release|Any CPU
		{86B673A9-A536-495A-8185-4212C3D67952}.AppStore|Any CPU.Deploy.0 = Release|Any CPU
		{86B673A9-A536-495A-8185-4212C3D67952}.AppStore|ARM.ActiveCfg = Release|Any CPU
		{86B673A9-A536-495A-8185-4212C3D67952}.AppStore|ARM.Build.0 = Release|Any CPU
		{86B673A9-A536-495A-8185-4212C3D67952}.AppStore|ARM.Deploy.0 = Release|Any CPU
		{86B673A9-A536-495A-8185-4212C3D67952}.AppStore|iPhone.ActiveCfg = Release|Any CPU
		{86B673A9-A536-495A-8185-4212C3D67952}.AppStore|iPhone.Build.0 = Release|Any CPU
		{86B673A9-A536-495A-8185-4212C3D67952}.AppStore|iPhone.Deploy.0 = Release|Any CPU
		{86B673A9-A536-495A-8185-4212C3D67952}.AppStore|iPhoneSimulator.ActiveCfg = Release|Any CPU
		{86B673A9-A536-495A-8185-4212C3D67952}.AppStore|iPhoneSimulator.Build.0 = Release|Any CPU
		{86B673A9-A536-495A-8185-4212C3D67952}.AppStore|iPhoneSimulator.Deploy.0 = Release|Any CPU
		{86B673A9-A536-495A-8185-4212C3D67952}.AppStore|x64.ActiveCfg = Release|Any CPU
		{86B673A9-A536-495A-8185-4212C3D67952}.AppStore|x64.Build.0 = Release|Any CPU
		{86B673A9-A536-495A-8185-4212C3D67952}.AppStore|x64.Deploy.0 = Release|Any CPU
		{86B673A9-A536-495A-8185-4212C3D67952}.AppStore|x86.ActiveCfg = Release|Any CPU
		{86B673A9-A536-495A-8185-4212C3D67952}.AppStore|x86.Build.0 = Release|Any CPU
		{86B673A9-A536-495A-8185-4212C3D67952}.AppStore|x86.Deploy.0 = Release|Any CPU
		{86B673A9-A536-495A-8185-4212C3D67952}.Debug|Any CPU.ActiveCfg = Debug|Any CPU
		{86B673A9-A536-495A-8185-4212C3D67952}.Debug|Any CPU.Build.0 = Debug|Any CPU
		{86B673A9-A536-495A-8185-4212C3D67952}.Debug|Any CPU.Deploy.0 = Debug|Any CPU
		{86B673A9-A536-495A-8185-4212C3D67952}.Debug|ARM.ActiveCfg = Debug|Any CPU
		{86B673A9-A536-495A-8185-4212C3D67952}.Debug|ARM.Build.0 = Debug|Any CPU
		{86B673A9-A536-495A-8185-4212C3D67952}.Debug|ARM.Deploy.0 = Debug|Any CPU
		{86B673A9-A536-495A-8185-4212C3D67952}.Debug|iPhone.ActiveCfg = Debug|Any CPU
		{86B673A9-A536-495A-8185-4212C3D67952}.Debug|iPhone.Build.0 = Debug|Any CPU
		{86B673A9-A536-495A-8185-4212C3D67952}.Debug|iPhone.Deploy.0 = Debug|Any CPU
		{86B673A9-A536-495A-8185-4212C3D67952}.Debug|iPhoneSimulator.ActiveCfg = Debug|Any CPU
		{86B673A9-A536-495A-8185-4212C3D67952}.Debug|iPhoneSimulator.Build.0 = Debug|Any CPU
		{86B673A9-A536-495A-8185-4212C3D67952}.Debug|iPhoneSimulator.Deploy.0 = Debug|Any CPU
		{86B673A9-A536-495A-8185-4212C3D67952}.Debug|x64.ActiveCfg = Debug|Any CPU
		{86B673A9-A536-495A-8185-4212C3D67952}.Debug|x64.Build.0 = Debug|Any CPU
		{86B673A9-A536-495A-8185-4212C3D67952}.Debug|x64.Deploy.0 = Debug|Any CPU
		{86B673A9-A536-495A-8185-4212C3D67952}.Debug|x86.ActiveCfg = Debug|Any CPU
		{86B673A9-A536-495A-8185-4212C3D67952}.Debug|x86.Build.0 = Debug|Any CPU
		{86B673A9-A536-495A-8185-4212C3D67952}.Debug|x86.Deploy.0 = Debug|Any CPU
		{86B673A9-A536-495A-8185-4212C3D67952}.Release|Any CPU.ActiveCfg = Release|Any CPU
		{86B673A9-A536-495A-8185-4212C3D67952}.Release|Any CPU.Build.0 = Release|Any CPU
		{86B673A9-A536-495A-8185-4212C3D67952}.Release|Any CPU.Deploy.0 = Release|Any CPU
		{86B673A9-A536-495A-8185-4212C3D67952}.Release|ARM.ActiveCfg = Release|Any CPU
		{86B673A9-A536-495A-8185-4212C3D67952}.Release|ARM.Build.0 = Release|Any CPU
		{86B673A9-A536-495A-8185-4212C3D67952}.Release|ARM.Deploy.0 = Release|Any CPU
		{86B673A9-A536-495A-8185-4212C3D67952}.Release|iPhone.ActiveCfg = Release|Any CPU
		{86B673A9-A536-495A-8185-4212C3D67952}.Release|iPhone.Build.0 = Release|Any CPU
		{86B673A9-A536-495A-8185-4212C3D67952}.Release|iPhone.Deploy.0 = Release|Any CPU
		{86B673A9-A536-495A-8185-4212C3D67952}.Release|iPhoneSimulator.ActiveCfg = Release|Any CPU
		{86B673A9-A536-495A-8185-4212C3D67952}.Release|iPhoneSimulator.Build.0 = Release|Any CPU
		{86B673A9-A536-495A-8185-4212C3D67952}.Release|iPhoneSimulator.Deploy.0 = Release|Any CPU
		{86B673A9-A536-495A-8185-4212C3D67952}.Release|x64.ActiveCfg = Release|Any CPU
		{86B673A9-A536-495A-8185-4212C3D67952}.Release|x64.Build.0 = Release|Any CPU
		{86B673A9-A536-495A-8185-4212C3D67952}.Release|x64.Deploy.0 = Release|Any CPU
		{86B673A9-A536-495A-8185-4212C3D67952}.Release|x86.ActiveCfg = Release|Any CPU
		{86B673A9-A536-495A-8185-4212C3D67952}.Release|x86.Build.0 = Release|Any CPU
		{86B673A9-A536-495A-8185-4212C3D67952}.Release|x86.Deploy.0 = Release|Any CPU
		{8F3BC278-AD66-4727-BACD-8CB600B1A0A7}.Ad-Hoc|Any CPU.ActiveCfg = Release|Any CPU
		{8F3BC278-AD66-4727-BACD-8CB600B1A0A7}.Ad-Hoc|Any CPU.Build.0 = Release|Any CPU
		{8F3BC278-AD66-4727-BACD-8CB600B1A0A7}.Ad-Hoc|ARM.ActiveCfg = Release|Any CPU
		{8F3BC278-AD66-4727-BACD-8CB600B1A0A7}.Ad-Hoc|ARM.Build.0 = Release|Any CPU
		{8F3BC278-AD66-4727-BACD-8CB600B1A0A7}.Ad-Hoc|iPhone.ActiveCfg = Release|Any CPU
		{8F3BC278-AD66-4727-BACD-8CB600B1A0A7}.Ad-Hoc|iPhone.Build.0 = Release|Any CPU
		{8F3BC278-AD66-4727-BACD-8CB600B1A0A7}.Ad-Hoc|iPhoneSimulator.ActiveCfg = Release|Any CPU
		{8F3BC278-AD66-4727-BACD-8CB600B1A0A7}.Ad-Hoc|iPhoneSimulator.Build.0 = Release|Any CPU
		{8F3BC278-AD66-4727-BACD-8CB600B1A0A7}.Ad-Hoc|x64.ActiveCfg = Release|Any CPU
		{8F3BC278-AD66-4727-BACD-8CB600B1A0A7}.Ad-Hoc|x64.Build.0 = Release|Any CPU
		{8F3BC278-AD66-4727-BACD-8CB600B1A0A7}.Ad-Hoc|x86.ActiveCfg = Release|Any CPU
		{8F3BC278-AD66-4727-BACD-8CB600B1A0A7}.Ad-Hoc|x86.Build.0 = Release|Any CPU
		{8F3BC278-AD66-4727-BACD-8CB600B1A0A7}.AppStore|Any CPU.ActiveCfg = Release|Any CPU
		{8F3BC278-AD66-4727-BACD-8CB600B1A0A7}.AppStore|Any CPU.Build.0 = Release|Any CPU
		{8F3BC278-AD66-4727-BACD-8CB600B1A0A7}.AppStore|ARM.ActiveCfg = Release|Any CPU
		{8F3BC278-AD66-4727-BACD-8CB600B1A0A7}.AppStore|ARM.Build.0 = Release|Any CPU
		{8F3BC278-AD66-4727-BACD-8CB600B1A0A7}.AppStore|iPhone.ActiveCfg = Release|Any CPU
		{8F3BC278-AD66-4727-BACD-8CB600B1A0A7}.AppStore|iPhone.Build.0 = Release|Any CPU
		{8F3BC278-AD66-4727-BACD-8CB600B1A0A7}.AppStore|iPhoneSimulator.ActiveCfg = Release|Any CPU
		{8F3BC278-AD66-4727-BACD-8CB600B1A0A7}.AppStore|iPhoneSimulator.Build.0 = Release|Any CPU
		{8F3BC278-AD66-4727-BACD-8CB600B1A0A7}.AppStore|x64.ActiveCfg = Release|Any CPU
		{8F3BC278-AD66-4727-BACD-8CB600B1A0A7}.AppStore|x64.Build.0 = Release|Any CPU
		{8F3BC278-AD66-4727-BACD-8CB600B1A0A7}.AppStore|x86.ActiveCfg = Release|Any CPU
		{8F3BC278-AD66-4727-BACD-8CB600B1A0A7}.AppStore|x86.Build.0 = Release|Any CPU
		{8F3BC278-AD66-4727-BACD-8CB600B1A0A7}.Debug|Any CPU.ActiveCfg = Debug|Any CPU
		{8F3BC278-AD66-4727-BACD-8CB600B1A0A7}.Debug|Any CPU.Build.0 = Debug|Any CPU
		{8F3BC278-AD66-4727-BACD-8CB600B1A0A7}.Debug|ARM.ActiveCfg = Debug|Any CPU
		{8F3BC278-AD66-4727-BACD-8CB600B1A0A7}.Debug|ARM.Build.0 = Debug|Any CPU
		{8F3BC278-AD66-4727-BACD-8CB600B1A0A7}.Debug|iPhone.ActiveCfg = Debug|Any CPU
		{8F3BC278-AD66-4727-BACD-8CB600B1A0A7}.Debug|iPhone.Build.0 = Debug|Any CPU
		{8F3BC278-AD66-4727-BACD-8CB600B1A0A7}.Debug|iPhoneSimulator.ActiveCfg = Debug|Any CPU
		{8F3BC278-AD66-4727-BACD-8CB600B1A0A7}.Debug|iPhoneSimulator.Build.0 = Debug|Any CPU
		{8F3BC278-AD66-4727-BACD-8CB600B1A0A7}.Debug|x64.ActiveCfg = Debug|Any CPU
		{8F3BC278-AD66-4727-BACD-8CB600B1A0A7}.Debug|x64.Build.0 = Debug|Any CPU
		{8F3BC278-AD66-4727-BACD-8CB600B1A0A7}.Debug|x86.ActiveCfg = Debug|Any CPU
		{8F3BC278-AD66-4727-BACD-8CB600B1A0A7}.Debug|x86.Build.0 = Debug|Any CPU
		{8F3BC278-AD66-4727-BACD-8CB600B1A0A7}.Release|Any CPU.ActiveCfg = Release|Any CPU
		{8F3BC278-AD66-4727-BACD-8CB600B1A0A7}.Release|Any CPU.Build.0 = Release|Any CPU
		{8F3BC278-AD66-4727-BACD-8CB600B1A0A7}.Release|ARM.ActiveCfg = Release|Any CPU
		{8F3BC278-AD66-4727-BACD-8CB600B1A0A7}.Release|ARM.Build.0 = Release|Any CPU
		{8F3BC278-AD66-4727-BACD-8CB600B1A0A7}.Release|iPhone.ActiveCfg = Release|Any CPU
		{8F3BC278-AD66-4727-BACD-8CB600B1A0A7}.Release|iPhone.Build.0 = Release|Any CPU
		{8F3BC278-AD66-4727-BACD-8CB600B1A0A7}.Release|iPhoneSimulator.ActiveCfg = Release|Any CPU
		{8F3BC278-AD66-4727-BACD-8CB600B1A0A7}.Release|iPhoneSimulator.Build.0 = Release|Any CPU
		{8F3BC278-AD66-4727-BACD-8CB600B1A0A7}.Release|x64.ActiveCfg = Release|Any CPU
		{8F3BC278-AD66-4727-BACD-8CB600B1A0A7}.Release|x64.Build.0 = Release|Any CPU
		{8F3BC278-AD66-4727-BACD-8CB600B1A0A7}.Release|x86.ActiveCfg = Release|Any CPU
		{8F3BC278-AD66-4727-BACD-8CB600B1A0A7}.Release|x86.Build.0 = Release|Any CPU
		{2C0244B2-FE12-4817-AD18-5D84BEEAA929}.Ad-Hoc|Any CPU.ActiveCfg = Release|x86
		{2C0244B2-FE12-4817-AD18-5D84BEEAA929}.Ad-Hoc|Any CPU.Build.0 = Release|x86
		{2C0244B2-FE12-4817-AD18-5D84BEEAA929}.Ad-Hoc|Any CPU.Deploy.0 = Release|x86
		{2C0244B2-FE12-4817-AD18-5D84BEEAA929}.Ad-Hoc|ARM.ActiveCfg = Release|ARM
		{2C0244B2-FE12-4817-AD18-5D84BEEAA929}.Ad-Hoc|ARM.Build.0 = Release|ARM
		{2C0244B2-FE12-4817-AD18-5D84BEEAA929}.Ad-Hoc|ARM.Deploy.0 = Release|ARM
		{2C0244B2-FE12-4817-AD18-5D84BEEAA929}.Ad-Hoc|iPhone.ActiveCfg = Release|x86
		{2C0244B2-FE12-4817-AD18-5D84BEEAA929}.Ad-Hoc|iPhone.Build.0 = Release|x86
		{2C0244B2-FE12-4817-AD18-5D84BEEAA929}.Ad-Hoc|iPhone.Deploy.0 = Release|x86
		{2C0244B2-FE12-4817-AD18-5D84BEEAA929}.Ad-Hoc|iPhoneSimulator.ActiveCfg = Release|x86
		{2C0244B2-FE12-4817-AD18-5D84BEEAA929}.Ad-Hoc|iPhoneSimulator.Build.0 = Release|x86
		{2C0244B2-FE12-4817-AD18-5D84BEEAA929}.Ad-Hoc|iPhoneSimulator.Deploy.0 = Release|x86
		{2C0244B2-FE12-4817-AD18-5D84BEEAA929}.Ad-Hoc|x64.ActiveCfg = Release|x64
		{2C0244B2-FE12-4817-AD18-5D84BEEAA929}.Ad-Hoc|x64.Build.0 = Release|x64
		{2C0244B2-FE12-4817-AD18-5D84BEEAA929}.Ad-Hoc|x64.Deploy.0 = Release|x64
		{2C0244B2-FE12-4817-AD18-5D84BEEAA929}.Ad-Hoc|x86.ActiveCfg = Release|x86
		{2C0244B2-FE12-4817-AD18-5D84BEEAA929}.Ad-Hoc|x86.Build.0 = Release|x86
		{2C0244B2-FE12-4817-AD18-5D84BEEAA929}.Ad-Hoc|x86.Deploy.0 = Release|x86
		{2C0244B2-FE12-4817-AD18-5D84BEEAA929}.AppStore|Any CPU.ActiveCfg = Release|x86
		{2C0244B2-FE12-4817-AD18-5D84BEEAA929}.AppStore|Any CPU.Build.0 = Release|x86
		{2C0244B2-FE12-4817-AD18-5D84BEEAA929}.AppStore|Any CPU.Deploy.0 = Release|x86
		{2C0244B2-FE12-4817-AD18-5D84BEEAA929}.AppStore|ARM.ActiveCfg = Release|ARM
		{2C0244B2-FE12-4817-AD18-5D84BEEAA929}.AppStore|ARM.Build.0 = Release|ARM
		{2C0244B2-FE12-4817-AD18-5D84BEEAA929}.AppStore|ARM.Deploy.0 = Release|ARM
		{2C0244B2-FE12-4817-AD18-5D84BEEAA929}.AppStore|iPhone.ActiveCfg = Release|x86
		{2C0244B2-FE12-4817-AD18-5D84BEEAA929}.AppStore|iPhone.Build.0 = Release|x86
		{2C0244B2-FE12-4817-AD18-5D84BEEAA929}.AppStore|iPhone.Deploy.0 = Release|x86
		{2C0244B2-FE12-4817-AD18-5D84BEEAA929}.AppStore|iPhoneSimulator.ActiveCfg = Release|x86
		{2C0244B2-FE12-4817-AD18-5D84BEEAA929}.AppStore|iPhoneSimulator.Build.0 = Release|x86
		{2C0244B2-FE12-4817-AD18-5D84BEEAA929}.AppStore|iPhoneSimulator.Deploy.0 = Release|x86
		{2C0244B2-FE12-4817-AD18-5D84BEEAA929}.AppStore|x64.ActiveCfg = Release|x64
		{2C0244B2-FE12-4817-AD18-5D84BEEAA929}.AppStore|x64.Build.0 = Release|x64
		{2C0244B2-FE12-4817-AD18-5D84BEEAA929}.AppStore|x64.Deploy.0 = Release|x64
		{2C0244B2-FE12-4817-AD18-5D84BEEAA929}.AppStore|x86.ActiveCfg = Release|x86
		{2C0244B2-FE12-4817-AD18-5D84BEEAA929}.AppStore|x86.Build.0 = Release|x86
		{2C0244B2-FE12-4817-AD18-5D84BEEAA929}.AppStore|x86.Deploy.0 = Release|x86
		{2C0244B2-FE12-4817-AD18-5D84BEEAA929}.Debug|Any CPU.ActiveCfg = Debug|x86
		{2C0244B2-FE12-4817-AD18-5D84BEEAA929}.Debug|ARM.ActiveCfg = Debug|ARM
		{2C0244B2-FE12-4817-AD18-5D84BEEAA929}.Debug|ARM.Build.0 = Debug|ARM
		{2C0244B2-FE12-4817-AD18-5D84BEEAA929}.Debug|ARM.Deploy.0 = Debug|ARM
		{2C0244B2-FE12-4817-AD18-5D84BEEAA929}.Debug|iPhone.ActiveCfg = Debug|x86
		{2C0244B2-FE12-4817-AD18-5D84BEEAA929}.Debug|iPhoneSimulator.ActiveCfg = Debug|x86
		{2C0244B2-FE12-4817-AD18-5D84BEEAA929}.Debug|x64.ActiveCfg = Debug|x64
		{2C0244B2-FE12-4817-AD18-5D84BEEAA929}.Debug|x64.Build.0 = Debug|x64
		{2C0244B2-FE12-4817-AD18-5D84BEEAA929}.Debug|x64.Deploy.0 = Debug|x64
		{2C0244B2-FE12-4817-AD18-5D84BEEAA929}.Debug|x86.ActiveCfg = Debug|x86
		{2C0244B2-FE12-4817-AD18-5D84BEEAA929}.Debug|x86.Build.0 = Debug|x86
		{2C0244B2-FE12-4817-AD18-5D84BEEAA929}.Debug|x86.Deploy.0 = Debug|x86
		{2C0244B2-FE12-4817-AD18-5D84BEEAA929}.Release|Any CPU.ActiveCfg = Release|x86
		{2C0244B2-FE12-4817-AD18-5D84BEEAA929}.Release|ARM.ActiveCfg = Release|ARM
		{2C0244B2-FE12-4817-AD18-5D84BEEAA929}.Release|ARM.Build.0 = Release|ARM
		{2C0244B2-FE12-4817-AD18-5D84BEEAA929}.Release|ARM.Deploy.0 = Release|ARM
		{2C0244B2-FE12-4817-AD18-5D84BEEAA929}.Release|iPhone.ActiveCfg = Release|x86
		{2C0244B2-FE12-4817-AD18-5D84BEEAA929}.Release|iPhoneSimulator.ActiveCfg = Release|x86
		{2C0244B2-FE12-4817-AD18-5D84BEEAA929}.Release|x64.ActiveCfg = Release|x64
		{2C0244B2-FE12-4817-AD18-5D84BEEAA929}.Release|x64.Build.0 = Release|x64
		{2C0244B2-FE12-4817-AD18-5D84BEEAA929}.Release|x64.Deploy.0 = Release|x64
		{2C0244B2-FE12-4817-AD18-5D84BEEAA929}.Release|x86.ActiveCfg = Release|x86
		{2C0244B2-FE12-4817-AD18-5D84BEEAA929}.Release|x86.Build.0 = Release|x86
		{2C0244B2-FE12-4817-AD18-5D84BEEAA929}.Release|x86.Deploy.0 = Release|x86
		{6617E2F4-F9F0-469F-A6BB-0F1A359BBFC2}.Ad-Hoc|Any CPU.ActiveCfg = Ad-Hoc|iPhoneSimulator
		{6617E2F4-F9F0-469F-A6BB-0F1A359BBFC2}.Ad-Hoc|ARM.ActiveCfg = Ad-Hoc|iPhone
		{6617E2F4-F9F0-469F-A6BB-0F1A359BBFC2}.Ad-Hoc|iPhone.ActiveCfg = Ad-Hoc|iPhone
		{6617E2F4-F9F0-469F-A6BB-0F1A359BBFC2}.Ad-Hoc|iPhone.Build.0 = Ad-Hoc|iPhone
		{6617E2F4-F9F0-469F-A6BB-0F1A359BBFC2}.Ad-Hoc|iPhoneSimulator.ActiveCfg = Ad-Hoc|iPhoneSimulator
		{6617E2F4-F9F0-469F-A6BB-0F1A359BBFC2}.Ad-Hoc|iPhoneSimulator.Build.0 = Ad-Hoc|iPhoneSimulator
		{6617E2F4-F9F0-469F-A6BB-0F1A359BBFC2}.Ad-Hoc|x64.ActiveCfg = Ad-Hoc|iPhone
		{6617E2F4-F9F0-469F-A6BB-0F1A359BBFC2}.Ad-Hoc|x86.ActiveCfg = Ad-Hoc|iPhone
		{6617E2F4-F9F0-469F-A6BB-0F1A359BBFC2}.AppStore|Any CPU.ActiveCfg = AppStore|iPhoneSimulator
		{6617E2F4-F9F0-469F-A6BB-0F1A359BBFC2}.AppStore|ARM.ActiveCfg = AppStore|iPhone
		{6617E2F4-F9F0-469F-A6BB-0F1A359BBFC2}.AppStore|iPhone.ActiveCfg = AppStore|iPhone
		{6617E2F4-F9F0-469F-A6BB-0F1A359BBFC2}.AppStore|iPhone.Build.0 = AppStore|iPhone
		{6617E2F4-F9F0-469F-A6BB-0F1A359BBFC2}.AppStore|iPhoneSimulator.ActiveCfg = AppStore|iPhoneSimulator
		{6617E2F4-F9F0-469F-A6BB-0F1A359BBFC2}.AppStore|iPhoneSimulator.Build.0 = AppStore|iPhoneSimulator
		{6617E2F4-F9F0-469F-A6BB-0F1A359BBFC2}.AppStore|x64.ActiveCfg = AppStore|iPhone
		{6617E2F4-F9F0-469F-A6BB-0F1A359BBFC2}.AppStore|x86.ActiveCfg = AppStore|iPhone
		{6617E2F4-F9F0-469F-A6BB-0F1A359BBFC2}.Debug|Any CPU.ActiveCfg = Debug|iPhoneSimulator
		{6617E2F4-F9F0-469F-A6BB-0F1A359BBFC2}.Debug|ARM.ActiveCfg = Debug|iPhone
		{6617E2F4-F9F0-469F-A6BB-0F1A359BBFC2}.Debug|iPhone.ActiveCfg = Debug|iPhone
		{6617E2F4-F9F0-469F-A6BB-0F1A359BBFC2}.Debug|iPhone.Build.0 = Debug|iPhone
		{6617E2F4-F9F0-469F-A6BB-0F1A359BBFC2}.Debug|iPhoneSimulator.ActiveCfg = Debug|iPhoneSimulator
		{6617E2F4-F9F0-469F-A6BB-0F1A359BBFC2}.Debug|iPhoneSimulator.Build.0 = Debug|iPhoneSimulator
		{6617E2F4-F9F0-469F-A6BB-0F1A359BBFC2}.Debug|x64.ActiveCfg = Debug|iPhone
		{6617E2F4-F9F0-469F-A6BB-0F1A359BBFC2}.Debug|x86.ActiveCfg = Debug|iPhone
		{6617E2F4-F9F0-469F-A6BB-0F1A359BBFC2}.Release|Any CPU.ActiveCfg = Release|iPhoneSimulator
		{6617E2F4-F9F0-469F-A6BB-0F1A359BBFC2}.Release|ARM.ActiveCfg = Release|iPhone
		{6617E2F4-F9F0-469F-A6BB-0F1A359BBFC2}.Release|iPhone.ActiveCfg = Release|iPhone
		{6617E2F4-F9F0-469F-A6BB-0F1A359BBFC2}.Release|iPhone.Build.0 = Release|iPhone
		{6617E2F4-F9F0-469F-A6BB-0F1A359BBFC2}.Release|iPhoneSimulator.ActiveCfg = Release|iPhoneSimulator
		{6617E2F4-F9F0-469F-A6BB-0F1A359BBFC2}.Release|iPhoneSimulator.Build.0 = Release|iPhoneSimulator
		{6617E2F4-F9F0-469F-A6BB-0F1A359BBFC2}.Release|x64.ActiveCfg = Release|iPhone
		{6617E2F4-F9F0-469F-A6BB-0F1A359BBFC2}.Release|x86.ActiveCfg = Release|iPhone
	EndGlobalSection
	GlobalSection(SolutionProperties) = preSolution
		HideSolutionNode = FALSE
	EndGlobalSection
	GlobalSection(ExtensibilityGlobals) = postSolution
		SolutionGuid = {E9AAFA27-E987-4FBD-A89D-D26822090895}
	EndGlobalSection
EndGlobal
